PODS:
  - batteryLevel (0.0.1):
    - Flutter
  - Flutter (1.0.0)

DEPENDENCIES:
  - batteryLevel (from `.symlinks/plugins/batteryLevel/ios`)
  - Flutter (from `Flutter`)

EXTERNAL SOURCES:
  batteryLevel:
    :path: ".symlinks/plugins/batteryLevel/ios"
  Flutter:
    :path: Flutter

SPEC CHECKSUMS:
  batteryLevel: a2668328eef40127a4f79f7d47a6c985ca17379c
  Flutter: 0e3d915762c693b495b44d77113d4970485de6ec

PODFILE CHECKSUM: 8e679eca47255a8ca8067c4c67aab20e64cb974d

COCOAPODS: 1.10.0
